
Microsoft Visual Studio Solution File, Format Version 12.00
# Visual Studio Version 17
VisualStudioVersion = 17.11.35312.102
MinimumVisualStudioVersion = 10.0.40219.1
Project("{FAE04EC0-301F-11D3-BF4B-00C04F79EFBC}") = "DzMutexSemaphores", "DzMutexSemaphores.csproj", "{2A5FDC41-4E6D-473D-8FFB-B55E01562BAE}"
EndProject
Global
	GlobalSection(SolutionConfigurationPlatforms) = preSolution
		Debug|Any CPU = Debug|Any CPU
		Release|Any CPU = Release|Any CPU
	EndGlobalSection
	GlobalSection(ProjectConfigurationPlatforms) = postSolution
		{2A5FDC41-4E6D-473D-8FFB-B55E01562BAE}.Debug|Any CPU.ActiveCfg = Debug|Any CPU
		{2A5FDC41-4E6D-473D-8FFB-B55E01562BAE}.Debug|Any CPU.Build.0 = Debug|Any CPU
		{2A5FDC41-4E6D-473D-8FFB-B55E01562BAE}.Release|Any CPU.ActiveCfg = Release|Any CPU
		{2A5FDC41-4E6D-473D-8FFB-B55E01562BAE}.Release|Any CPU.Build.0 = Release|Any CPU
	EndGlobalSection
	GlobalSection(SolutionProperties) = preSolution
		HideSolutionNode = FALSE
	EndGlobalSection
	GlobalSection(ExtensibilityGlobals) = postSolution
		SolutionGuid = {0EEC6D0D-0B1D-4E4F-90D3-6A2D5DA96092}
	EndGlobalSection
EndGlobal
